// !$*UTF8*$!
{
	archiveVersion = 1;
	classes = {
	};
	objectVersion = 56;
	objects = {

/* Begin PBXBuildFile section */
		97753DB02A61BD73002E5FFD /* AppDelegate.swift in Sources */ = {isa = PBXBuildFile; fileRef = 97753DAF2A61BD73002E5FFD /* AppDelegate.swift */; };
		97753DB22A61BD73002E5FFD /* SceneDelegate.swift in Sources */ = {isa = PBXBuildFile; fileRef = 97753DB12A61BD73002E5FFD /* SceneDelegate.swift */; };
		97753DB42A61BD73002E5FFD /* CalculatorVC.swift in Sources */ = {isa = PBXBuildFile; fileRef = 97753DB32A61BD73002E5FFD /* CalculatorVC.swift */; };
		97753DB92A61BD74002E5FFD /* Assets.xcassets in Resources */ = {isa = PBXBuildFile; fileRef = 97753DB82A61BD74002E5FFD /* Assets.xcassets */; };
		97753DBC2A61BD74002E5FFD /* LaunchScreen.storyboard in Resources */ = {isa = PBXBuildFile; fileRef = 97753DBA2A61BD74002E5FFD /* LaunchScreen.storyboard */; };
		97753DC72A61BD74002E5FFD /* calculadora_de_gorjetaTests.swift in Sources */ = {isa = PBXBuildFile; fileRef = 97753DC62A61BD74002E5FFD /* calculadora_de_gorjetaTests.swift */; };
		97753DD12A61BD74002E5FFD /* calculadora_de_gorjetaUITests.swift in Sources */ = {isa = PBXBuildFile; fileRef = 97753DD02A61BD74002E5FFD /* calculadora_de_gorjetaUITests.swift */; };
		97753DE12A61BE23002E5FFD /* CombineCocoa in Frameworks */ = {isa = PBXBuildFile; productRef = 97753DE02A61BE23002E5FFD /* CombineCocoa */; };
		97753DE42A61BE7D002E5FFD /* SnapKit in Frameworks */ = {isa = PBXBuildFile; productRef = 97753DE32A61BE7D002E5FFD /* SnapKit */; };
		97753DE72A61C17F002E5FFD /* CombineCocoa in Frameworks */ = {isa = PBXBuildFile; productRef = 97753DE62A61C17F002E5FFD /* CombineCocoa */; };
		97753DEA2A61C1CD002E5FFD /* SnapshotTesting in Frameworks */ = {isa = PBXBuildFile; productRef = 97753DE92A61C1CD002E5FFD /* SnapshotTesting */; };
		97753DEC2A61C1F7002E5FFD /* CombineCocoa in Frameworks */ = {isa = PBXBuildFile; productRef = 97753DEB2A61C1F7002E5FFD /* CombineCocoa */; };
		97753DEF2A61C79F002E5FFD /* LogoView.swift in Sources */ = {isa = PBXBuildFile; fileRef = 97753DEE2A61C79F002E5FFD /* LogoView.swift */; };
		97753DF12A61CA41002E5FFD /* ResultView.swift in Sources */ = {isa = PBXBuildFile; fileRef = 97753DF02A61CA41002E5FFD /* ResultView.swift */; };
		97753DF32A61CA7A002E5FFD /* BillInputView.swift in Sources */ = {isa = PBXBuildFile; fileRef = 97753DF22A61CA7A002E5FFD /* BillInputView.swift */; };
		97753DF52A61CAA1002E5FFD /* TipInputView.swift in Sources */ = {isa = PBXBuildFile; fileRef = 97753DF42A61CAA1002E5FFD /* TipInputView.swift */; };
		97753DF72A61CAC4002E5FFD /* SplitInputView.swift in Sources */ = {isa = PBXBuildFile; fileRef = 97753DF62A61CAC4002E5FFD /* SplitInputView.swift */; };
		97753DFA2A61D0DD002E5FFD /* ThemeColor.swift in Sources */ = {isa = PBXBuildFile; fileRef = 97753DF92A61D0DD002E5FFD /* ThemeColor.swift */; };
		97753DFC2A61D0F2002E5FFD /* ThemeFont.swift in Sources */ = {isa = PBXBuildFile; fileRef = 97753DFB2A61D0F2002E5FFD /* ThemeFont.swift */; };
		97753DFF2A61D15A002E5FFD /* UIColor+Extension.swift in Sources */ = {isa = PBXBuildFile; fileRef = 97753DFE2A61D15A002E5FFD /* UIColor+Extension.swift */; };
		97753E022A61DA28002E5FFD /* LabelFactory.swift in Sources */ = {isa = PBXBuildFile; fileRef = 97753E012A61DA28002E5FFD /* LabelFactory.swift */; };
		97753E042A61E816002E5FFD /* UIView+Extension.swift in Sources */ = {isa = PBXBuildFile; fileRef = 97753E032A61E816002E5FFD /* UIView+Extension.swift */; };
		97753E062A62B995002E5FFD /* AmountView.swift in Sources */ = {isa = PBXBuildFile; fileRef = 97753E052A62B995002E5FFD /* AmountView.swift */; };
		97753E092A645504002E5FFD /* Tip.swift in Sources */ = {isa = PBXBuildFile; fileRef = 97753E082A645504002E5FFD /* Tip.swift */; };
		97753E0B2A64554C002E5FFD /* HeaderView.swift in Sources */ = {isa = PBXBuildFile; fileRef = 97753E0A2A64554C002E5FFD /* HeaderView.swift */; };
		97753E0E2A6469D3002E5FFD /* CalculatorVM.swift in Sources */ = {isa = PBXBuildFile; fileRef = 97753E0D2A6469D3002E5FFD /* CalculatorVM.swift */; };
		97753E102A646B95002E5FFD /* Result.swift in Sources */ = {isa = PBXBuildFile; fileRef = 97753E0F2A646B95002E5FFD /* Result.swift */; };
		97753E142A647343002E5FFD /* String+Extension.swift in Sources */ = {isa = PBXBuildFile; fileRef = 97753E132A647343002E5FFD /* String+Extension.swift */; };
		97753E162A648077002E5FFD /* UIResponder+extension.swift in Sources */ = {isa = PBXBuildFile; fileRef = 97753E152A648077002E5FFD /* UIResponder+extension.swift */; };
		97753E182A64902F002E5FFD /* Int+Extension.swift in Sources */ = {isa = PBXBuildFile; fileRef = 97753E172A64902F002E5FFD /* Int+Extension.swift */; };
		97753E1A2A656835002E5FFD /* Double+Extension.swift in Sources */ = {isa = PBXBuildFile; fileRef = 97753E192A656835002E5FFD /* Double+Extension.swift */; };
		97753E1D2A6572FB002E5FFD /* click.m4a in Resources */ = {isa = PBXBuildFile; fileRef = 97753E1C2A6572FB002E5FFD /* click.m4a */; };
		97753E202A657335002E5FFD /* AudioPlayerService.swift in Sources */ = {isa = PBXBuildFile; fileRef = 97753E1F2A657335002E5FFD /* AudioPlayerService.swift */; };
		97753E222A65BA63002E5FFD /* calculadora_de_gorjetaSnapshotTests.swift in Sources */ = {isa = PBXBuildFile; fileRef = 97753E212A65BA63002E5FFD /* calculadora_de_gorjetaSnapshotTests.swift */; };
		97753E242A662CCD002E5FFD /* ScreenIdentifier.swift in Sources */ = {isa = PBXBuildFile; fileRef = 97753E232A662CCD002E5FFD /* ScreenIdentifier.swift */; };
		97753E252A662CCD002E5FFD /* ScreenIdentifier.swift in Sources */ = {isa = PBXBuildFile; fileRef = 97753E232A662CCD002E5FFD /* ScreenIdentifier.swift */; };
		97753E272A6630BD002E5FFD /* CalculatorScreen.swift in Sources */ = {isa = PBXBuildFile; fileRef = 97753E262A6630BD002E5FFD /* CalculatorScreen.swift */; };
/* End PBXBuildFile section */

/* Begin PBXContainerItemProxy section */
		97753DC32A61BD74002E5FFD /* PBXContainerItemProxy */ = {
			isa = PBXContainerItemProxy;
			containerPortal = 97753DA42A61BD73002E5FFD /* Project object */;
			proxyType = 1;
			remoteGlobalIDString = 97753DAB2A61BD73002E5FFD;
			remoteInfo = "calculadora-de-gorjeta";
		};
		97753DCD2A61BD74002E5FFD /* PBXContainerItemProxy */ = {
			isa = PBXContainerItemProxy;
			containerPortal = 97753DA42A61BD73002E5FFD /* Project object */;
			proxyType = 1;
			remoteGlobalIDString = 97753DAB2A61BD73002E5FFD;
			remoteInfo = "calculadora-de-gorjeta";
		};
/* End PBXContainerItemProxy section */

/* Begin PBXFileReference section */
		97753DAC2A61BD73002E5FFD /* calculadora-de-gorjeta.app */ = {isa = PBXFileReference; explicitFileType = wrapper.application; includeInIndex = 0; path = "calculadora-de-gorjeta.app"; sourceTree = BUILT_PRODUCTS_DIR; };
		97753DAF2A61BD73002E5FFD /* AppDelegate.swift */ = {isa = PBXFileReference; lastKnownFileType = sourcecode.swift; path = AppDelegate.swift; sourceTree = "<group>"; };
		97753DB12A61BD73002E5FFD /* SceneDelegate.swift */ = {isa = PBXFileReference; lastKnownFileType = sourcecode.swift; path = SceneDelegate.swift; sourceTree = "<group>"; };
		97753DB32A61BD73002E5FFD /* CalculatorVC.swift */ = {isa = PBXFileReference; lastKnownFileType = sourcecode.swift; path = CalculatorVC.swift; sourceTree = "<group>"; };
		97753DB82A61BD74002E5FFD /* Assets.xcassets */ = {isa = PBXFileReference; lastKnownFileType = folder.assetcatalog; path = Assets.xcassets; sourceTree = "<group>"; };
		97753DBB2A61BD74002E5FFD /* Base */ = {isa = PBXFileReference; lastKnownFileType = file.storyboard; name = Base; path = Base.lproj/LaunchScreen.storyboard; sourceTree = "<group>"; };
		97753DBD2A61BD74002E5FFD /* Info.plist */ = {isa = PBXFileReference; lastKnownFileType = text.plist.xml; path = Info.plist; sourceTree = "<group>"; };
		97753DC22A61BD74002E5FFD /* calculadora-de-gorjetaTests.xctest */ = {isa = PBXFileReference; explicitFileType = wrapper.cfbundle; includeInIndex = 0; path = "calculadora-de-gorjetaTests.xctest"; sourceTree = BUILT_PRODUCTS_DIR; };
		97753DC62A61BD74002E5FFD /* calculadora_de_gorjetaTests.swift */ = {isa = PBXFileReference; lastKnownFileType = sourcecode.swift; path = calculadora_de_gorjetaTests.swift; sourceTree = "<group>"; };
		97753DCC2A61BD74002E5FFD /* calculadora-de-gorjetaUITests.xctest */ = {isa = PBXFileReference; explicitFileType = wrapper.cfbundle; includeInIndex = 0; path = "calculadora-de-gorjetaUITests.xctest"; sourceTree = BUILT_PRODUCTS_DIR; };
		97753DD02A61BD74002E5FFD /* calculadora_de_gorjetaUITests.swift */ = {isa = PBXFileReference; lastKnownFileType = sourcecode.swift; path = calculadora_de_gorjetaUITests.swift; sourceTree = "<group>"; };
		97753DEE2A61C79F002E5FFD /* LogoView.swift */ = {isa = PBXFileReference; lastKnownFileType = sourcecode.swift; path = LogoView.swift; sourceTree = "<group>"; };
		97753DF02A61CA41002E5FFD /* ResultView.swift */ = {isa = PBXFileReference; lastKnownFileType = sourcecode.swift; path = ResultView.swift; sourceTree = "<group>"; };
		97753DF22A61CA7A002E5FFD /* BillInputView.swift */ = {isa = PBXFileReference; lastKnownFileType = sourcecode.swift; path = BillInputView.swift; sourceTree = "<group>"; };
		97753DF42A61CAA1002E5FFD /* TipInputView.swift */ = {isa = PBXFileReference; lastKnownFileType = sourcecode.swift; path = TipInputView.swift; sourceTree = "<group>"; };
		97753DF62A61CAC4002E5FFD /* SplitInputView.swift */ = {isa = PBXFileReference; lastKnownFileType = sourcecode.swift; path = SplitInputView.swift; sourceTree = "<group>"; };
		97753DF92A61D0DD002E5FFD /* ThemeColor.swift */ = {isa = PBXFileReference; lastKnownFileType = sourcecode.swift; path = ThemeColor.swift; sourceTree = "<group>"; };
		97753DFB2A61D0F2002E5FFD /* ThemeFont.swift */ = {isa = PBXFileReference; lastKnownFileType = sourcecode.swift; path = ThemeFont.swift; sourceTree = "<group>"; };
		97753DFE2A61D15A002E5FFD /* UIColor+Extension.swift */ = {isa = PBXFileReference; lastKnownFileType = sourcecode.swift; path = "UIColor+Extension.swift"; sourceTree = "<group>"; };
		97753E012A61DA28002E5FFD /* LabelFactory.swift */ = {isa = PBXFileReference; lastKnownFileType = sourcecode.swift; path = LabelFactory.swift; sourceTree = "<group>"; };
		97753E032A61E816002E5FFD /* UIView+Extension.swift */ = {isa = PBXFileReference; lastKnownFileType = sourcecode.swift; path = "UIView+Extension.swift"; sourceTree = "<group>"; };
		97753E052A62B995002E5FFD /* AmountView.swift */ = {isa = PBXFileReference; lastKnownFileType = sourcecode.swift; path = AmountView.swift; sourceTree = "<group>"; };
		97753E082A645504002E5FFD /* Tip.swift */ = {isa = PBXFileReference; lastKnownFileType = sourcecode.swift; path = Tip.swift; sourceTree = "<group>"; };
		97753E0A2A64554C002E5FFD /* HeaderView.swift */ = {isa = PBXFileReference; lastKnownFileType = sourcecode.swift; path = HeaderView.swift; sourceTree = "<group>"; };
		97753E0D2A6469D3002E5FFD /* CalculatorVM.swift */ = {isa = PBXFileReference; lastKnownFileType = sourcecode.swift; path = CalculatorVM.swift; sourceTree = "<group>"; };
		97753E0F2A646B95002E5FFD /* Result.swift */ = {isa = PBXFileReference; lastKnownFileType = sourcecode.swift; path = Result.swift; sourceTree = "<group>"; };
		97753E132A647343002E5FFD /* String+Extension.swift */ = {isa = PBXFileReference; lastKnownFileType = sourcecode.swift; path = "String+Extension.swift"; sourceTree = "<group>"; };
		97753E152A648077002E5FFD /* UIResponder+extension.swift */ = {isa = PBXFileReference; lastKnownFileType = sourcecode.swift; path = "UIResponder+extension.swift"; sourceTree = "<group>"; };
		97753E172A64902F002E5FFD /* Int+Extension.swift */ = {isa = PBXFileReference; lastKnownFileType = sourcecode.swift; path = "Int+Extension.swift"; sourceTree = "<group>"; };
		97753E192A656835002E5FFD /* Double+Extension.swift */ = {isa = PBXFileReference; lastKnownFileType = sourcecode.swift; path = "Double+Extension.swift"; sourceTree = "<group>"; };
		97753E1C2A6572FB002E5FFD /* click.m4a */ = {isa = PBXFileReference; lastKnownFileType = file; path = click.m4a; sourceTree = "<group>"; };
		97753E1F2A657335002E5FFD /* AudioPlayerService.swift */ = {isa = PBXFileReference; lastKnownFileType = sourcecode.swift; path = AudioPlayerService.swift; sourceTree = "<group>"; };
		97753E212A65BA63002E5FFD /* calculadora_de_gorjetaSnapshotTests.swift */ = {isa = PBXFileReference; lastKnownFileType = sourcecode.swift; path = calculadora_de_gorjetaSnapshotTests.swift; sourceTree = "<group>"; };
		97753E232A662CCD002E5FFD /* ScreenIdentifier.swift */ = {isa = PBXFileReference; lastKnownFileType = sourcecode.swift; path = ScreenIdentifier.swift; sourceTree = "<group>"; };
		97753E262A6630BD002E5FFD /* CalculatorScreen.swift */ = {isa = PBXFileReference; lastKnownFileType = sourcecode.swift; path = CalculatorScreen.swift; sourceTree = "<group>"; };
/* End PBXFileReference section */

/* Begin PBXFrameworksBuildPhase section */
		97753DA92A61BD73002E5FFD /* Frameworks */ = {
			isa = PBXFrameworksBuildPhase;
			buildActionMask = 2147483647;
			files = (
				97753DE12A61BE23002E5FFD /* CombineCocoa in Frameworks */,
				97753DE42A61BE7D002E5FFD /* SnapKit in Frameworks */,
			);
			runOnlyForDeploymentPostprocessing = 0;
		};
		97753DBF2A61BD74002E5FFD /* Frameworks */ = {
			isa = PBXFrameworksBuildPhase;
			buildActionMask = 2147483647;
			files = (
				97753DE72A61C17F002E5FFD /* CombineCocoa in Frameworks */,
				97753DEA2A61C1CD002E5FFD /* SnapshotTesting in Frameworks */,
			);
			runOnlyForDeploymentPostprocessing = 0;
		};
		97753DC92A61BD74002E5FFD /* Frameworks */ = {
			isa = PBXFrameworksBuildPhase;
			buildActionMask = 2147483647;
			files = (
				97753DEC2A61C1F7002E5FFD /* CombineCocoa in Frameworks */,
			);
			runOnlyForDeploymentPostprocessing = 0;
		};
/* End PBXFrameworksBuildPhase section */

/* Begin PBXGroup section */
		97753DA32A61BD73002E5FFD = {
			isa = PBXGroup;
			children = (
				97753DAE2A61BD73002E5FFD /* calculadora-de-gorjeta */,
				97753DC52A61BD74002E5FFD /* calculadora-de-gorjetaTests */,
				97753DCF2A61BD74002E5FFD /* calculadora-de-gorjetaUITests */,
				97753DAD2A61BD73002E5FFD /* Products */,
				97753DE52A61C17F002E5FFD /* Frameworks */,
			);
			sourceTree = "<group>";
		};
		97753DAD2A61BD73002E5FFD /* Products */ = {
			isa = PBXGroup;
			children = (
				97753DAC2A61BD73002E5FFD /* calculadora-de-gorjeta.app */,
				97753DC22A61BD74002E5FFD /* calculadora-de-gorjetaTests.xctest */,
				97753DCC2A61BD74002E5FFD /* calculadora-de-gorjetaUITests.xctest */,
			);
			name = Products;
			sourceTree = "<group>";
		};
		97753DAE2A61BD73002E5FFD /* calculadora-de-gorjeta */ = {
			isa = PBXGroup;
			children = (
				97753E1E2A657325002E5FFD /* service */,
				97753E1B2A6572C9002E5FFD /* resource */,
				97753E0C2A6469B3002E5FFD /* view model */,
				97753E072A6454E6002E5FFD /* model */,
				97753E002A61DA13002E5FFD /* factory */,
				97753DFD2A61D129002E5FFD /* extension */,
				97753DF82A61D0C7002E5FFD /* config */,
				97753DED2A61C76E002E5FFD /* view */,
				97753DAF2A61BD73002E5FFD /* AppDelegate.swift */,
				97753DB12A61BD73002E5FFD /* SceneDelegate.swift */,
				97753DB32A61BD73002E5FFD /* CalculatorVC.swift */,
				97753DB82A61BD74002E5FFD /* Assets.xcassets */,
				97753DBA2A61BD74002E5FFD /* LaunchScreen.storyboard */,
				97753DBD2A61BD74002E5FFD /* Info.plist */,
			);
			path = "calculadora-de-gorjeta";
			sourceTree = "<group>";
		};
		97753DC52A61BD74002E5FFD /* calculadora-de-gorjetaTests */ = {
			isa = PBXGroup;
			children = (
				97753DC62A61BD74002E5FFD /* calculadora_de_gorjetaTests.swift */,
				97753E212A65BA63002E5FFD /* calculadora_de_gorjetaSnapshotTests.swift */,
			);
			path = "calculadora-de-gorjetaTests";
			sourceTree = "<group>";
		};
		97753DCF2A61BD74002E5FFD /* calculadora-de-gorjetaUITests */ = {
			isa = PBXGroup;
			children = (
				97753DD02A61BD74002E5FFD /* calculadora_de_gorjetaUITests.swift */,
				97753E262A6630BD002E5FFD /* CalculatorScreen.swift */,
			);
			path = "calculadora-de-gorjetaUITests";
			sourceTree = "<group>";
		};
		97753DE52A61C17F002E5FFD /* Frameworks */ = {
			isa = PBXGroup;
			children = (
			);
			name = Frameworks;
			sourceTree = "<group>";
		};
		97753DED2A61C76E002E5FFD /* view */ = {
			isa = PBXGroup;
			children = (
				97753DEE2A61C79F002E5FFD /* LogoView.swift */,
				97753DF02A61CA41002E5FFD /* ResultView.swift */,
				97753DF22A61CA7A002E5FFD /* BillInputView.swift */,
				97753DF42A61CAA1002E5FFD /* TipInputView.swift */,
				97753DF62A61CAC4002E5FFD /* SplitInputView.swift */,
				97753E052A62B995002E5FFD /* AmountView.swift */,
				97753E0A2A64554C002E5FFD /* HeaderView.swift */,
			);
			path = view;
			sourceTree = "<group>";
		};
		97753DF82A61D0C7002E5FFD /* config */ = {
			isa = PBXGroup;
			children = (
				97753DF92A61D0DD002E5FFD /* ThemeColor.swift */,
				97753DFB2A61D0F2002E5FFD /* ThemeFont.swift */,
			);
			path = config;
			sourceTree = "<group>";
		};
		97753DFD2A61D129002E5FFD /* extension */ = {
			isa = PBXGroup;
			children = (
				97753DFE2A61D15A002E5FFD /* UIColor+Extension.swift */,
				97753E032A61E816002E5FFD /* UIView+Extension.swift */,
				97753E132A647343002E5FFD /* String+Extension.swift */,
				97753E152A648077002E5FFD /* UIResponder+extension.swift */,
				97753E172A64902F002E5FFD /* Int+Extension.swift */,
				97753E192A656835002E5FFD /* Double+Extension.swift */,
			);
			path = extension;
			sourceTree = "<group>";
		};
		97753E002A61DA13002E5FFD /* factory */ = {
			isa = PBXGroup;
			children = (
				97753E012A61DA28002E5FFD /* LabelFactory.swift */,
			);
			path = factory;
			sourceTree = "<group>";
		};
		97753E072A6454E6002E5FFD /* model */ = {
			isa = PBXGroup;
			children = (
				97753E082A645504002E5FFD /* Tip.swift */,
				97753E0F2A646B95002E5FFD /* Result.swift */,
				97753E232A662CCD002E5FFD /* ScreenIdentifier.swift */,
			);
			path = model;
			sourceTree = "<group>";
		};
		97753E0C2A6469B3002E5FFD /* view model */ = {
			isa = PBXGroup;
			children = (
				97753E0D2A6469D3002E5FFD /* CalculatorVM.swift */,
			);
			path = "view model";
			sourceTree = "<group>";
		};
		97753E1B2A6572C9002E5FFD /* resource */ = {
			isa = PBXGroup;
			children = (
				97753E1C2A6572FB002E5FFD /* click.m4a */,
			);
			path = resource;
			sourceTree = "<group>";
		};
		97753E1E2A657325002E5FFD /* service */ = {
			isa = PBXGroup;
			children = (
				97753E1F2A657335002E5FFD /* AudioPlayerService.swift */,
			);
			path = service;
			sourceTree = "<group>";
		};
/* End PBXGroup section */

/* Begin PBXNativeTarget section */
		97753DAB2A61BD73002E5FFD /* calculadora-de-gorjeta */ = {
			isa = PBXNativeTarget;
			buildConfigurationList = 97753DD62A61BD74002E5FFD /* Build configuration list for PBXNativeTarget "calculadora-de-gorjeta" */;
			buildPhases = (
				97753DA82A61BD73002E5FFD /* Sources */,
				97753DA92A61BD73002E5FFD /* Frameworks */,
				97753DAA2A61BD73002E5FFD /* Resources */,
			);
			buildRules = (
			);
			dependencies = (
			);
			name = "calculadora-de-gorjeta";
			packageProductDependencies = (
				97753DE02A61BE23002E5FFD /* CombineCocoa */,
				97753DE32A61BE7D002E5FFD /* SnapKit */,
			);
			productName = "calculadora-de-gorjeta";
			productReference = 97753DAC2A61BD73002E5FFD /* calculadora-de-gorjeta.app */;
			productType = "com.apple.product-type.application";
		};
		97753DC12A61BD74002E5FFD /* calculadora-de-gorjetaTests */ = {
			isa = PBXNativeTarget;
			buildConfigurationList = 97753DD92A61BD74002E5FFD /* Build configuration list for PBXNativeTarget "calculadora-de-gorjetaTests" */;
			buildPhases = (
				97753DBE2A61BD74002E5FFD /* Sources */,
				97753DBF2A61BD74002E5FFD /* Frameworks */,
				97753DC02A61BD74002E5FFD /* Resources */,
			);
			buildRules = (
			);
			dependencies = (
				97753DC42A61BD74002E5FFD /* PBXTargetDependency */,
			);
			name = "calculadora-de-gorjetaTests";
			packageProductDependencies = (
				97753DE62A61C17F002E5FFD /* CombineCocoa */,
				97753DE92A61C1CD002E5FFD /* SnapshotTesting */,
			);
			productName = "calculadora-de-gorjetaTests";
			productReference = 97753DC22A61BD74002E5FFD /* calculadora-de-gorjetaTests.xctest */;
			productType = "com.apple.product-type.bundle.unit-test";
		};
		97753DCB2A61BD74002E5FFD /* calculadora-de-gorjetaUITests */ = {
			isa = PBXNativeTarget;
			buildConfigurationList = 97753DDC2A61BD74002E5FFD /* Build configuration list for PBXNativeTarget "calculadora-de-gorjetaUITests" */;
			buildPhases = (
				97753DC82A61BD74002E5FFD /* Sources */,
				97753DC92A61BD74002E5FFD /* Frameworks */,
				97753DCA2A61BD74002E5FFD /* Resources */,
			);
			buildRules = (
			);
			dependencies = (
				97753DCE2A61BD74002E5FFD /* PBXTargetDependency */,
			);
			name = "calculadora-de-gorjetaUITests";
			packageProductDependencies = (
				97753DEB2A61C1F7002E5FFD /* CombineCocoa */,
			);
			productName = "calculadora-de-gorjetaUITests";
			productReference = 97753DCC2A61BD74002E5FFD /* calculadora-de-gorjetaUITests.xctest */;
			productType = "com.apple.product-type.bundle.ui-testing";
		};
/* End PBXNativeTarget section */

/* Begin PBXProject section */
		97753DA42A61BD73002E5FFD /* Project object */ = {
			isa = PBXProject;
			attributes = {
				BuildIndependentTargetsInParallel = 1;
				LastSwiftUpdateCheck = 1430;
				LastUpgradeCheck = 1430;
				TargetAttributes = {
					97753DAB2A61BD73002E5FFD = {
						CreatedOnToolsVersion = 14.3.1;
					};
					97753DC12A61BD74002E5FFD = {
						CreatedOnToolsVersion = 14.3.1;
						TestTargetID = 97753DAB2A61BD73002E5FFD;
					};
					97753DCB2A61BD74002E5FFD = {
						CreatedOnToolsVersion = 14.3.1;
						TestTargetID = 97753DAB2A61BD73002E5FFD;
					};
				};
			};
			buildConfigurationList = 97753DA72A61BD73002E5FFD /* Build configuration list for PBXProject "calculadora-de-gorjeta" */;
			compatibilityVersion = "Xcode 14.0";
			developmentRegion = en;
			hasScannedForEncodings = 0;
			knownRegions = (
				en,
				Base,
			);
			mainGroup = 97753DA32A61BD73002E5FFD;
			packageReferences = (
				97753DDF2A61BE23002E5FFD /* XCRemoteSwiftPackageReference "CombineCocoa" */,
				97753DE22A61BE7D002E5FFD /* XCRemoteSwiftPackageReference "SnapKit" */,
				97753DE82A61C1CD002E5FFD /* XCRemoteSwiftPackageReference "swift-snapshot-testing" */,
			);
			productRefGroup = 97753DAD2A61BD73002E5FFD /* Products */;
			projectDirPath = "";
			projectRoot = "";
			targets = (
				97753DAB2A61BD73002E5FFD /* calculadora-de-gorjeta */,
				97753DC12A61BD74002E5FFD /* calculadora-de-gorjetaTests */,
				97753DCB2A61BD74002E5FFD /* calculadora-de-gorjetaUITests */,
			);
		};
/* End PBXProject section */

/* Begin PBXResourcesBuildPhase section */
		97753DAA2A61BD73002E5FFD /* Resources */ = {
			isa = PBXResourcesBuildPhase;
			buildActionMask = 2147483647;
			files = (
				97753E1D2A6572FB002E5FFD /* click.m4a in Resources */,
				97753DBC2A61BD74002E5FFD /* LaunchScreen.storyboard in Resources */,
				97753DB92A61BD74002E5FFD /* Assets.xcassets in Resources */,
			);
			runOnlyForDeploymentPostprocessing = 0;
		};
		97753DC02A61BD74002E5FFD /* Resources */ = {
			isa = PBXResourcesBuildPhase;
			buildActionMask = 2147483647;
			files = (
			);
			runOnlyForDeploymentPostprocessing = 0;
		};
		97753DCA2A61BD74002E5FFD /* Resources */ = {
			isa = PBXResourcesBuildPhase;
			buildActionMask = 2147483647;
			files = (
			);
			runOnlyForDeploymentPostprocessing = 0;
		};
/* End PBXResourcesBuildPhase section */

/* Begin PBXSourcesBuildPhase section */
		97753DA82A61BD73002E5FFD /* Sources */ = {
			isa = PBXSourcesBuildPhase;
			buildActionMask = 2147483647;
			files = (
				97753E102A646B95002E5FFD /* Result.swift in Sources */,
				97753E0E2A6469D3002E5FFD /* CalculatorVM.swift in Sources */,
				97753E162A648077002E5FFD /* UIResponder+extension.swift in Sources */,
				97753E182A64902F002E5FFD /* Int+Extension.swift in Sources */,
				97753E242A662CCD002E5FFD /* ScreenIdentifier.swift in Sources */,
				97753E062A62B995002E5FFD /* AmountView.swift in Sources */,
				97753E142A647343002E5FFD /* String+Extension.swift in Sources */,
				97753DB42A61BD73002E5FFD /* CalculatorVC.swift in Sources */,
				97753E042A61E816002E5FFD /* UIView+Extension.swift in Sources */,
				97753DEF2A61C79F002E5FFD /* LogoView.swift in Sources */,
				97753DFA2A61D0DD002E5FFD /* ThemeColor.swift in Sources */,
				97753DFF2A61D15A002E5FFD /* UIColor+Extension.swift in Sources */,
				97753DF32A61CA7A002E5FFD /* BillInputView.swift in Sources */,
				97753E202A657335002E5FFD /* AudioPlayerService.swift in Sources */,
				97753DF12A61CA41002E5FFD /* ResultView.swift in Sources */,
				97753DB02A61BD73002E5FFD /* AppDelegate.swift in Sources */,
				97753DFC2A61D0F2002E5FFD /* ThemeFont.swift in Sources */,
				97753DB22A61BD73002E5FFD /* SceneDelegate.swift in Sources */,
				97753E1A2A656835002E5FFD /* Double+Extension.swift in Sources */,
				97753E022A61DA28002E5FFD /* LabelFactory.swift in Sources */,
				97753E092A645504002E5FFD /* Tip.swift in Sources */,
				97753DF72A61CAC4002E5FFD /* SplitInputView.swift in Sources */,
				97753DF52A61CAA1002E5FFD /* TipInputView.swift in Sources */,
				97753E0B2A64554C002E5FFD /* HeaderView.swift in Sources */,
			);
			runOnlyForDeploymentPostprocessing = 0;
		};
		97753DBE2A61BD74002E5FFD /* Sources */ = {
			isa = PBXSourcesBuildPhase;
			buildActionMask = 2147483647;
			files = (
				97753DC72A61BD74002E5FFD /* calculadora_de_gorjetaTests.swift in Sources */,
				97753E222A65BA63002E5FFD /* calculadora_de_gorjetaSnapshotTests.swift in Sources */,
			);
			runOnlyForDeploymentPostprocessing = 0;
		};
		97753DC82A61BD74002E5FFD /* Sources */ = {
			isa = PBXSourcesBuildPhase;
			buildActionMask = 2147483647;
			files = (
				97753E252A662CCD002E5FFD /* ScreenIdentifier.swift in Sources */,
				97753DD12A61BD74002E5FFD /* calculadora_de_gorjetaUITests.swift in Sources */,
				97753E272A6630BD002E5FFD /* CalculatorScreen.swift in Sources */,
			);
			runOnlyForDeploymentPostprocessing = 0;
		};
/* End PBXSourcesBuildPhase section */

/* Begin PBXTargetDependency section */
		97753DC42A61BD74002E5FFD /* PBXTargetDependency */ = {
			isa = PBXTargetDependency;
			target = 97753DAB2A61BD73002E5FFD /* calculadora-de-gorjeta */;
			targetProxy = 97753DC32A61BD74002E5FFD /* PBXContainerItemProxy */;
		};
		97753DCE2A61BD74002E5FFD /* PBXTargetDependency */ = {
			isa = PBXTargetDependency;
			target = 97753DAB2A61BD73002E5FFD /* calculadora-de-gorjeta */;
			targetProxy = 97753DCD2A61BD74002E5FFD /* PBXContainerItemProxy */;
		};
/* End PBXTargetDependency section */

/* Begin PBXVariantGroup section */
		97753DBA2A61BD74002E5FFD /* LaunchScreen.storyboard */ = {
			isa = PBXVariantGroup;
			children = (
				97753DBB2A61BD74002E5FFD /* Base */,
			);
			name = LaunchScreen.storyboard;
			sourceTree = "<group>";
		};
/* End PBXVariantGroup section */

/* Begin XCBuildConfiguration section */
		97753DD42A61BD74002E5FFD /* Debug */ = {
			isa = XCBuildConfiguration;
			buildSettings = {
				ALWAYS_SEARCH_USER_PATHS = NO;
				CLANG_ANALYZER_NONNULL = YES;
				CLANG_ANALYZER_NUMBER_OBJECT_CONVERSION = YES_AGGRESSIVE;
				CLANG_CXX_LANGUAGE_STANDARD = "gnu++20";
				CLANG_ENABLE_MODULES = YES;
				CLANG_ENABLE_OBJC_ARC = YES;
				CLANG_ENABLE_OBJC_WEAK = YES;
				CLANG_WARN_BLOCK_CAPTURE_AUTORELEASING = YES;
				CLANG_WARN_BOOL_CONVERSION = YES;
				CLANG_WARN_COMMA = YES;
				CLANG_WARN_CONSTANT_CONVERSION = YES;
				CLANG_WARN_DEPRECATED_OBJC_IMPLEMENTATIONS = YES;
				CLANG_WARN_DIRECT_OBJC_ISA_USAGE = YES_ERROR;
				CLANG_WARN_DOCUMENTATION_COMMENTS = YES;
				CLANG_WARN_EMPTY_BODY = YES;
				CLANG_WARN_ENUM_CONVERSION = YES;
				CLANG_WARN_INFINITE_RECURSION = YES;
				CLANG_WARN_INT_CONVERSION = YES;
				CLANG_WARN_NON_LITERAL_NULL_CONVERSION = YES;
				CLANG_WARN_OBJC_IMPLICIT_RETAIN_SELF = YES;
				CLANG_WARN_OBJC_LITERAL_CONVERSION = YES;
				CLANG_WARN_OBJC_ROOT_CLASS = YES_ERROR;
				CLANG_WARN_QUOTED_INCLUDE_IN_FRAMEWORK_HEADER = YES;
				CLANG_WARN_RANGE_LOOP_ANALYSIS = YES;
				CLANG_WARN_STRICT_PROTOTYPES = YES;
				CLANG_WARN_SUSPICIOUS_MOVE = YES;
				CLANG_WARN_UNGUARDED_AVAILABILITY = YES_AGGRESSIVE;
				CLANG_WARN_UNREACHABLE_CODE = YES;
				CLANG_WARN__DUPLICATE_METHOD_MATCH = YES;
				COPY_PHASE_STRIP = NO;
				DEBUG_INFORMATION_FORMAT = dwarf;
				ENABLE_STRICT_OBJC_MSGSEND = YES;
				ENABLE_TESTABILITY = YES;
				GCC_C_LANGUAGE_STANDARD = gnu11;
				GCC_DYNAMIC_NO_PIC = NO;
				GCC_NO_COMMON_BLOCKS = YES;
				GCC_OPTIMIZATION_LEVEL = 0;
				GCC_PREPROCESSOR_DEFINITIONS = (
					"DEBUG=1",
					"$(inherited)",
				);
				GCC_WARN_64_TO_32_BIT_CONVERSION = YES;
				GCC_WARN_ABOUT_RETURN_TYPE = YES_ERROR;
				GCC_WARN_UNDECLARED_SELECTOR = YES;
				GCC_WARN_UNINITIALIZED_AUTOS = YES_AGGRESSIVE;
				GCC_WARN_UNUSED_FUNCTION = YES;
				GCC_WARN_UNUSED_VARIABLE = YES;
				IPHONEOS_DEPLOYMENT_TARGET = 16.4;
				MTL_ENABLE_DEBUG_INFO = INCLUDE_SOURCE;
				MTL_FAST_MATH = YES;
				ONLY_ACTIVE_ARCH = YES;
				SDKROOT = iphoneos;
				SWIFT_ACTIVE_COMPILATION_CONDITIONS = DEBUG;
				SWIFT_OPTIMIZATION_LEVEL = "-Onone";
			};
			name = Debug;
		};
		97753DD52A61BD74002E5FFD /* Release */ = {
			isa = XCBuildConfiguration;
			buildSettings = {
				ALWAYS_SEARCH_USER_PATHS = NO;
				CLANG_ANALYZER_NONNULL = YES;
				CLANG_ANALYZER_NUMBER_OBJECT_CONVERSION = YES_AGGRESSIVE;
				CLANG_CXX_LANGUAGE_STANDARD = "gnu++20";
				CLANG_ENABLE_MODULES = YES;
				CLANG_ENABLE_OBJC_ARC = YES;
				CLANG_ENABLE_OBJC_WEAK = YES;
				CLANG_WARN_BLOCK_CAPTURE_AUTORELEASING = YES;
				CLANG_WARN_BOOL_CONVERSION = YES;
				CLANG_WARN_COMMA = YES;
				CLANG_WARN_CONSTANT_CONVERSION = YES;
				CLANG_WARN_DEPRECATED_OBJC_IMPLEMENTATIONS = YES;
				CLANG_WARN_DIRECT_OBJC_ISA_USAGE = YES_ERROR;
				CLANG_WARN_DOCUMENTATION_COMMENTS = YES;
				CLANG_WARN_EMPTY_BODY = YES;
				CLANG_WARN_ENUM_CONVERSION = YES;
				CLANG_WARN_INFINITE_RECURSION = YES;
				CLANG_WARN_INT_CONVERSION = YES;
				CLANG_WARN_NON_LITERAL_NULL_CONVERSION = YES;
				CLANG_WARN_OBJC_IMPLICIT_RETAIN_SELF = YES;
				CLANG_WARN_OBJC_LITERAL_CONVERSION = YES;
				CLANG_WARN_OBJC_ROOT_CLASS = YES_ERROR;
				CLANG_WARN_QUOTED_INCLUDE_IN_FRAMEWORK_HEADER = YES;
				CLANG_WARN_RANGE_LOOP_ANALYSIS = YES;
				CLANG_WARN_STRICT_PROTOTYPES = YES;
				CLANG_WARN_SUSPICIOUS_MOVE = YES;
				CLANG_WARN_UNGUARDED_AVAILABILITY = YES_AGGRESSIVE;
				CLANG_WARN_UNREACHABLE_CODE = YES;
				CLANG_WARN__DUPLICATE_METHOD_MATCH = YES;
				COPY_PHASE_STRIP = NO;
				DEBUG_INFORMATION_FORMAT = "dwarf-with-dsym";
				ENABLE_NS_ASSERTIONS = NO;
				ENABLE_STRICT_OBJC_MSGSEND = YES;
				GCC_C_LANGUAGE_STANDARD = gnu11;
				GCC_NO_COMMON_BLOCKS = YES;
				GCC_WARN_64_TO_32_BIT_CONVERSION = YES;
				GCC_WARN_ABOUT_RETURN_TYPE = YES_ERROR;
				GCC_WARN_UNDECLARED_SELECTOR = YES;
				GCC_WARN_UNINITIALIZED_AUTOS = YES_AGGRESSIVE;
				GCC_WARN_UNUSED_FUNCTION = YES;
				GCC_WARN_UNUSED_VARIABLE = YES;
				IPHONEOS_DEPLOYMENT_TARGET = 16.4;
				MTL_ENABLE_DEBUG_INFO = NO;
				MTL_FAST_MATH = YES;
				SDKROOT = iphoneos;
				SWIFT_COMPILATION_MODE = wholemodule;
				SWIFT_OPTIMIZATION_LEVEL = "-O";
				VALIDATE_PRODUCT = YES;
			};
			name = Release;
		};
		97753DD72A61BD74002E5FFD /* Debug */ = {
			isa = XCBuildConfiguration;
			buildSettings = {
				ASSETCATALOG_COMPILER_APPICON_NAME = AppIcon;
				ASSETCATALOG_COMPILER_GLOBAL_ACCENT_COLOR_NAME = AccentColor;
				CODE_SIGN_STYLE = Automatic;
				CURRENT_PROJECT_VERSION = 1;
				GENERATE_INFOPLIST_FILE = YES;
				INFOPLIST_FILE = "calculadora-de-gorjeta/Info.plist";
				INFOPLIST_KEY_UIApplicationSupportsIndirectInputEvents = YES;
				INFOPLIST_KEY_UILaunchStoryboardName = LaunchScreen;
				INFOPLIST_KEY_UISupportedInterfaceOrientations_iPad = "UIInterfaceOrientationPortrait UIInterfaceOrientationPortraitUpsideDown UIInterfaceOrientationLandscapeLeft UIInterfaceOrientationLandscapeRight";
				INFOPLIST_KEY_UISupportedInterfaceOrientations_iPhone = "UIInterfaceOrientationPortrait UIInterfaceOrientationLandscapeLeft UIInterfaceOrientationLandscapeRight";
				LD_RUNPATH_SEARCH_PATHS = (
					"$(inherited)",
					"@executable_path/Frameworks",
				);
				MARKETING_VERSION = 1.0;
				PRODUCT_BUNDLE_IDENTIFIER = "mauricio.com.calculadora-de-gorjeta";
				PRODUCT_NAME = "$(TARGET_NAME)";
				SWIFT_EMIT_LOC_STRINGS = YES;
				SWIFT_VERSION = 5.0;
				TARGETED_DEVICE_FAMILY = "1,2";
			};
			name = Debug;
		};
		97753DD82A61BD74002E5FFD /* Release */ = {
			isa = XCBuildConfiguration;
			buildSettings = {
				ASSETCATALOG_COMPILER_APPICON_NAME = AppIcon;
				ASSETCATALOG_COMPILER_GLOBAL_ACCENT_COLOR_NAME = AccentColor;
				CODE_SIGN_STYLE = Automatic;
				CURRENT_PROJECT_VERSION = 1;
				GENERATE_INFOPLIST_FILE = YES;
				INFOPLIST_FILE = "calculadora-de-gorjeta/Info.plist";
				INFOPLIST_KEY_UIApplicationSupportsIndirectInputEvents = YES;
				INFOPLIST_KEY_UILaunchStoryboardName = LaunchScreen;
				INFOPLIST_KEY_UISupportedInterfaceOrientations_iPad = "UIInterfaceOrientationPortrait UIInterfaceOrientationPortraitUpsideDown UIInterfaceOrientationLandscapeLeft UIInterfaceOrientationLandscapeRight";
				INFOPLIST_KEY_UISupportedInterfaceOrientations_iPhone = "UIInterfaceOrientationPortrait UIInterfaceOrientationLandscapeLeft UIInterfaceOrientationLandscapeRight";
				LD_RUNPATH_SEARCH_PATHS = (
					"$(inherited)",
					"@executable_path/Frameworks",
				);
				MARKETING_VERSION = 1.0;
				PRODUCT_BUNDLE_IDENTIFIER = "mauricio.com.calculadora-de-gorjeta";
				PRODUCT_NAME = "$(TARGET_NAME)";
				SWIFT_EMIT_LOC_STRINGS = YES;
				SWIFT_VERSION = 5.0;
				TARGETED_DEVICE_FAMILY = "1,2";
			};
			name = Release;
		};
		97753DDA2A61BD74002E5FFD /* Debug */ = {
			isa = XCBuildConfiguration;
			buildSettings = {
				ALWAYS_EMBED_SWIFT_STANDARD_LIBRARIES = YES;
				BUNDLE_LOADER = "$(TEST_HOST)";
				CODE_SIGN_STYLE = Automatic;
				CURRENT_PROJECT_VERSION = 1;
				GENERATE_INFOPLIST_FILE = YES;
				IPHONEOS_DEPLOYMENT_TARGET = 16.4;
				MARKETING_VERSION = 1.0;
				PRODUCT_BUNDLE_IDENTIFIER = "mauricio.com.calculadora-de-gorjetaTests";
				PRODUCT_NAME = "$(TARGET_NAME)";
				SWIFT_EMIT_LOC_STRINGS = NO;
				SWIFT_VERSION = 5.0;
				TARGETED_DEVICE_FAMILY = "1,2";
				TEST_HOST = "$(BUILT_PRODUCTS_DIR)/calculadora-de-gorjeta.app/$(BUNDLE_EXECUTABLE_FOLDER_PATH)/calculadora-de-gorjeta";
			};
			name = Debug;
		};
		97753DDB2A61BD74002E5FFD /* Release */ = {
			isa = XCBuildConfiguration;
			buildSettings = {
				ALWAYS_EMBED_SWIFT_STANDARD_LIBRARIES = YES;
				BUNDLE_LOADER = "$(TEST_HOST)";
				CODE_SIGN_STYLE = Automatic;
				CURRENT_PROJECT_VERSION = 1;
				GENERATE_INFOPLIST_FILE = YES;
				IPHONEOS_DEPLOYMENT_TARGET = 16.4;
				MARKETING_VERSION = 1.0;
				PRODUCT_BUNDLE_IDENTIFIER = "mauricio.com.calculadora-de-gorjetaTests";
				PRODUCT_NAME = "$(TARGET_NAME)";
				SWIFT_EMIT_LOC_STRINGS = NO;
				SWIFT_VERSION = 5.0;
				TARGETED_DEVICE_FAMILY = "1,2";
				TEST_HOST = "$(BUILT_PRODUCTS_DIR)/calculadora-de-gorjeta.app/$(BUNDLE_EXECUTABLE_FOLDER_PATH)/calculadora-de-gorjeta";
			};
			name = Release;
		};
		97753DDD2A61BD74002E5FFD /* Debug */ = {
			isa = XCBuildConfiguration;
			buildSettings = {
				ALWAYS_EMBED_SWIFT_STANDARD_LIBRARIES = YES;
				CODE_SIGN_STYLE = Automatic;
				CURRENT_PROJECT_VERSION = 1;
				GENERATE_INFOPLIST_FILE = YES;
				MARKETING_VERSION = 1.0;
				PRODUCT_BUNDLE_IDENTIFIER = "mauricio.com.calculadora-de-gorjetaUITests";
				PRODUCT_NAME = "$(TARGET_NAME)";
				SWIFT_EMIT_LOC_STRINGS = NO;
				SWIFT_VERSION = 5.0;
				TARGETED_DEVICE_FAMILY = "1,2";
				TEST_TARGET_NAME = "calculadora-de-gorjeta";
			};
			name = Debug;
		};
		97753DDE2A61BD74002E5FFD /* Release */ = {
			isa = XCBuildConfiguration;
			buildSettings = {
				ALWAYS_EMBED_SWIFT_STANDARD_LIBRARIES = YES;
				CODE_SIGN_STYLE = Automatic;
				CURRENT_PROJECT_VERSION = 1;
				GENERATE_INFOPLIST_FILE = YES;
				MARKETING_VERSION = 1.0;
				PRODUCT_BUNDLE_IDENTIFIER = "mauricio.com.calculadora-de-gorjetaUITests";
				PRODUCT_NAME = "$(TARGET_NAME)";
				SWIFT_EMIT_LOC_STRINGS = NO;
				SWIFT_VERSION = 5.0;
				TARGETED_DEVICE_FAMILY = "1,2";
				TEST_TARGET_NAME = "calculadora-de-gorjeta";
			};
			name = Release;
		};
/* End XCBuildConfiguration section */

/* Begin XCConfigurationList section */
		97753DA72A61BD73002E5FFD /* Build configuration list for PBXProject "calculadora-de-gorjeta" */ = {
			isa = XCConfigurationList;
			buildConfigurations = (
				97753DD42A61BD74002E5FFD /* Debug */,
				97753DD52A61BD74002E5FFD /* Release */,
			);
			defaultConfigurationIsVisible = 0;
			defaultConfigurationName = Release;
		};
		97753DD62A61BD74002E5FFD /* Build configuration list for PBXNativeTarget "calculadora-de-gorjeta" */ = {
			isa = XCConfigurationList;
			buildConfigurations = (
				97753DD72A61BD74002E5FFD /* Debug */,
				97753DD82A61BD74002E5FFD /* Release */,
			);
			defaultConfigurationIsVisible = 0;
			defaultConfigurationName = Release;
		};
		97753DD92A61BD74002E5FFD /* Build configuration list for PBXNativeTarget "calculadora-de-gorjetaTests" */ = {
			isa = XCConfigurationList;
			buildConfigurations = (
				97753DDA2A61BD74002E5FFD /* Debug */,
				97753DDB2A61BD74002E5FFD /* Release */,
			);
			defaultConfigurationIsVisible = 0;
			defaultConfigurationName = Release;
		};
		97753DDC2A61BD74002E5FFD /* Build configuration list for PBXNativeTarget "calculadora-de-gorjetaUITests" */ = {
			isa = XCConfigurationList;
			buildConfigurations = (
				97753DDD2A61BD74002E5FFD /* Debug */,
				97753DDE2A61BD74002E5FFD /* Release */,
			);
			defaultConfigurationIsVisible = 0;
			defaultConfigurationName = Release;
		};
/* End XCConfigurationList section */

/* Begin XCRemoteSwiftPackageReference section */
		97753DDF2A61BE23002E5FFD /* XCRemoteSwiftPackageReference "CombineCocoa" */ = {
			isa = XCRemoteSwiftPackageReference;
			repositoryURL = "https://github.com/CombineCommunity/CombineCocoa";
			requirement = {
				kind = upToNextMinorVersion;
				minimumVersion = 0.4.1;
			};
		};
		97753DE22A61BE7D002E5FFD /* XCRemoteSwiftPackageReference "SnapKit" */ = {
			isa = XCRemoteSwiftPackageReference;
			repositoryURL = "https://github.com/SnapKit/SnapKit";
			requirement = {
				kind = upToNextMinorVersion;
				minimumVersion = 5.6.0;
			};
		};
		97753DE82A61C1CD002E5FFD /* XCRemoteSwiftPackageReference "swift-snapshot-testing" */ = {
			isa = XCRemoteSwiftPackageReference;
			repositoryURL = "https://github.com/pointfreeco/swift-snapshot-testing";
			requirement = {
				kind = upToNextMinorVersion;
				minimumVersion = 1.11.0;
			};
		};
/* End XCRemoteSwiftPackageReference section */

/* Begin XCSwiftPackageProductDependency section */
		97753DE02A61BE23002E5FFD /* CombineCocoa */ = {
			isa = XCSwiftPackageProductDependency;
			package = 97753DDF2A61BE23002E5FFD /* XCRemoteSwiftPackageReference "CombineCocoa" */;
			productName = CombineCocoa;
		};
		97753DE32A61BE7D002E5FFD /* SnapKit */ = {
			isa = XCSwiftPackageProductDependency;
			package = 97753DE22A61BE7D002E5FFD /* XCRemoteSwiftPackageReference "SnapKit" */;
			productName = SnapKit;
		};
		97753DE62A61C17F002E5FFD /* CombineCocoa */ = {
			isa = XCSwiftPackageProductDependency;
			package = 97753DDF2A61BE23002E5FFD /* XCRemoteSwiftPackageReference "CombineCocoa" */;
			productName = CombineCocoa;
		};
		97753DE92A61C1CD002E5FFD /* SnapshotTesting */ = {
			isa = XCSwiftPackageProductDependency;
			package = 97753DE82A61C1CD002E5FFD /* XCRemoteSwiftPackageReference "swift-snapshot-testing" */;
			productName = SnapshotTesting;
		};
		97753DEB2A61C1F7002E5FFD /* CombineCocoa */ = {
			isa = XCSwiftPackageProductDependency;
			package = 97753DDF2A61BE23002E5FFD /* XCRemoteSwiftPackageReference "CombineCocoa" */;
			productName = CombineCocoa;
		};
/* End XCSwiftPackageProductDependency section */
	};
	rootObject = 97753DA42A61BD73002E5FFD /* Project object */;
}
