// !$*UTF8*$!
{
	archiveVersion = 1;
	classes = {
	};
	objectVersion = 56;
	objects = {

/* Begin PBXBuildFile section */
		97753DB02A61BD73002E5FFD /* AppDelegate.swift in Sources */ = {isa = PBXBuildFile; fileRef = 97753DAF2A61BD73002E5FFD /* AppDelegate.swift */; };
		97753DB22A61BD73002E5FFD /* SceneDelegate.swift in Sources */ = {isa = PBXBuildFile; fileRef = 97753DB12A61BD73002E5FFD /* SceneDelegate.swift */; };
		97753DB42A61BD73002E5FFD /* ViewController.swift in Sources */ = {isa = PBXBuildFile; fileRef = 97753DB32A61BD73002E5FFD /* ViewController.swift */; };
		97753DB72A61BD73002E5FFD /* Main.storyboard in Resources */ = {isa = PBXBuildFile; fileRef = 97753DB52A61BD73002E5FFD /* Main.storyboard */; };
		97753DB92A61BD74002E5FFD /* Assets.xcassets in Resources */ = {isa = PBXBuildFile; fileRef = 97753DB82A61BD74002E5FFD /* Assets.xcassets */; };
		97753DBC2A61BD74002E5FFD /* LaunchScreen.storyboard in Resources */ = {isa = PBXBuildFile; fileRef = 97753DBA2A61BD74002E5FFD /* LaunchScreen.storyboard */; };
		97753DC72A61BD74002E5FFD /* calculadora_de_gorjetaTests.swift in Sources */ = {isa = PBXBuildFile; fileRef = 97753DC62A61BD74002E5FFD /* calculadora_de_gorjetaTests.swift */; };
		97753DD12A61BD74002E5FFD /* calculadora_de_gorjetaUITests.swift in Sources */ = {isa = PBXBuildFile; fileRef = 97753DD02A61BD74002E5FFD /* calculadora_de_gorjetaUITests.swift */; };
		97753DD32A61BD74002E5FFD /* calculadora_de_gorjetaUITestsLaunchTests.swift in Sources */ = {isa = PBXBuildFile; fileRef = 97753DD22A61BD74002E5FFD /* calculadora_de_gorjetaUITestsLaunchTests.swift */; };
/* End PBXBuildFile section */

/* Begin PBXContainerItemProxy section */
		97753DC32A61BD74002E5FFD /* PBXContainerItemProxy */ = {
			isa = PBXContainerItemProxy;
			containerPortal = 97753DA42A61BD73002E5FFD /* Project object */;
			proxyType = 1;
			remoteGlobalIDString = 97753DAB2A61BD73002E5FFD;
			remoteInfo = "calculadora-de-gorjeta";
		};
		97753DCD2A61BD74002E5FFD /* PBXContainerItemProxy */ = {
			isa = PBXContainerItemProxy;
			containerPortal = 97753DA42A61BD73002E5FFD /* Project object */;
			proxyType = 1;
			remoteGlobalIDString = 97753DAB2A61BD73002E5FFD;
			remoteInfo = "calculadora-de-gorjeta";
		};
/* End PBXContainerItemProxy section */

/* Begin PBXFileReference section */
		97753DAC2A61BD73002E5FFD /* calculadora-de-gorjeta.app */ = {isa = PBXFileReference; explicitFileType = wrapper.application; includeInIndex = 0; path = "calculadora-de-gorjeta.app"; sourceTree = BUILT_PRODUCTS_DIR; };
		97753DAF2A61BD73002E5FFD /* AppDelegate.swift */ = {isa = PBXFileReference; lastKnownFileType = sourcecode.swift; path = AppDelegate.swift; sourceTree = "<group>"; };
		97753DB12A61BD73002E5FFD /* SceneDelegate.swift */ = {isa = PBXFileReference; lastKnownFileType = sourcecode.swift; path = SceneDelegate.swift; sourceTree = "<group>"; };
		97753DB32A61BD73002E5FFD /* ViewController.swift */ = {isa = PBXFileReference; lastKnownFileType = sourcecode.swift; path = ViewController.swift; sourceTree = "<group>"; };
		97753DB62A61BD73002E5FFD /* Base */ = {isa = PBXFileReference; lastKnownFileType = file.storyboard; name = Base; path = Base.lproj/Main.storyboard; sourceTree = "<group>"; };
		97753DB82A61BD74002E5FFD /* Assets.xcassets */ = {isa = PBXFileReference; lastKnownFileType = folder.assetcatalog; path = Assets.xcassets; sourceTree = "<group>"; };
		97753DBB2A61BD74002E5FFD /* Base */ = {isa = PBXFileReference; lastKnownFileType = file.storyboard; name = Base; path = Base.lproj/LaunchScreen.storyboard; sourceTree = "<group>"; };
		97753DBD2A61BD74002E5FFD /* Info.plist */ = {isa = PBXFileReference; lastKnownFileType = text.plist.xml; path = Info.plist; sourceTree = "<group>"; };
		97753DC22A61BD74002E5FFD /* calculadora-de-gorjetaTests.xctest */ = {isa = PBXFileReference; explicitFileType = wrapper.cfbundle; includeInIndex = 0; path = "calculadora-de-gorjetaTests.xctest"; sourceTree = BUILT_PRODUCTS_DIR; };
		97753DC62A61BD74002E5FFD /* calculadora_de_gorjetaTests.swift */ = {isa = PBXFileReference; lastKnownFileType = sourcecode.swift; path = calculadora_de_gorjetaTests.swift; sourceTree = "<group>"; };
		97753DCC2A61BD74002E5FFD /* calculadora-de-gorjetaUITests.xctest */ = {isa = PBXFileReference; explicitFileType = wrapper.cfbundle; includeInIndex = 0; path = "calculadora-de-gorjetaUITests.xctest"; sourceTree = BUILT_PRODUCTS_DIR; };
		97753DD02A61BD74002E5FFD /* calculadora_de_gorjetaUITests.swift */ = {isa = PBXFileReference; lastKnownFileType = sourcecode.swift; path = calculadora_de_gorjetaUITests.swift; sourceTree = "<group>"; };
		97753DD22A61BD74002E5FFD /* calculadora_de_gorjetaUITestsLaunchTests.swift */ = {isa = PBXFileReference; lastKnownFileType = sourcecode.swift; path = calculadora_de_gorjetaUITestsLaunchTests.swift; sourceTree = "<group>"; };
/* End PBXFileReference section */

/* Begin PBXFrameworksBuildPhase section */
		97753DA92A61BD73002E5FFD /* Frameworks */ = {
			isa = PBXFrameworksBuildPhase;
			buildActionMask = 2147483647;
			files = (
			);
			runOnlyForDeploymentPostprocessing = 0;
		};
		97753DBF2A61BD74002E5FFD /* Frameworks */ = {
			isa = PBXFrameworksBuildPhase;
			buildActionMask = 2147483647;
			files = (
			);
			runOnlyForDeploymentPostprocessing = 0;
		};
		97753DC92A61BD74002E5FFD /* Frameworks */ = {
			isa = PBXFrameworksBuildPhase;
			buildActionMask = 2147483647;
			files = (
			);
			runOnlyForDeploymentPostprocessing = 0;
		};
/* End PBXFrameworksBuildPhase section */

/* Begin PBXGroup section */
		97753DA32A61BD73002E5FFD = {
			isa = PBXGroup;
			children = (
				97753DAE2A61BD73002E5FFD /* calculadora-de-gorjeta */,
				97753DC52A61BD74002E5FFD /* calculadora-de-gorjetaTests */,
				97753DCF2A61BD74002E5FFD /* calculadora-de-gorjetaUITests */,
				97753DAD2A61BD73002E5FFD /* Products */,
			);
			sourceTree = "<group>";
		};
		97753DAD2A61BD73002E5FFD /* Products */ = {
			isa = PBXGroup;
			children = (
				97753DAC2A61BD73002E5FFD /* calculadora-de-gorjeta.app */,
				97753DC22A61BD74002E5FFD /* calculadora-de-gorjetaTests.xctest */,
				97753DCC2A61BD74002E5FFD /* calculadora-de-gorjetaUITests.xctest */,
			);
			name = Products;
			sourceTree = "<group>";
		};
		97753DAE2A61BD73002E5FFD /* calculadora-de-gorjeta */ = {
			isa = PBXGroup;
			children = (
				97753DAF2A61BD73002E5FFD /* AppDelegate.swift */,
				97753DB12A61BD73002E5FFD /* SceneDelegate.swift */,
				97753DB32A61BD73002E5FFD /* ViewController.swift */,
				97753DB52A61BD73002E5FFD /* Main.storyboard */,
				97753DB82A61BD74002E5FFD /* Assets.xcassets */,
				97753DBA2A61BD74002E5FFD /* LaunchScreen.storyboard */,
				97753DBD2A61BD74002E5FFD /* Info.plist */,
			);
			path = "calculadora-de-gorjeta";
			sourceTree = "<group>";
		};
		97753DC52A61BD74002E5FFD /* calculadora-de-gorjetaTests */ = {
			isa = PBXGroup;
			children = (
				97753DC62A61BD74002E5FFD /* calculadora_de_gorjetaTests.swift */,
			);
			path = "calculadora-de-gorjetaTests";
			sourceTree = "<group>";
		};
		97753DCF2A61BD74002E5FFD /* calculadora-de-gorjetaUITests */ = {
			isa = PBXGroup;
			children = (
				97753DD02A61BD74002E5FFD /* calculadora_de_gorjetaUITests.swift */,
				97753DD22A61BD74002E5FFD /* calculadora_de_gorjetaUITestsLaunchTests.swift */,
			);
			path = "calculadora-de-gorjetaUITests";
			sourceTree = "<group>";
		};
/* End PBXGroup section */

/* Begin PBXNativeTarget section */
		97753DAB2A61BD73002E5FFD /* calculadora-de-gorjeta */ = {
			isa = PBXNativeTarget;
			buildConfigurationList = 97753DD62A61BD74002E5FFD /* Build configuration list for PBXNativeTarget "calculadora-de-gorjeta" */;
			buildPhases = (
				97753DA82A61BD73002E5FFD /* Sources */,
				97753DA92A61BD73002E5FFD /* Frameworks */,
				97753DAA2A61BD73002E5FFD /* Resources */,
			);
			buildRules = (
			);
			dependencies = (
			);
			name = "calculadora-de-gorjeta";
			productName = "calculadora-de-gorjeta";
			productReference = 97753DAC2A61BD73002E5FFD /* calculadora-de-gorjeta.app */;
			productType = "com.apple.product-type.application";
		};
		97753DC12A61BD74002E5FFD /* calculadora-de-gorjetaTests */ = {
			isa = PBXNativeTarget;
			buildConfigurationList = 97753DD92A61BD74002E5FFD /* Build configuration list for PBXNativeTarget "calculadora-de-gorjetaTests" */;
			buildPhases = (
				97753DBE2A61BD74002E5FFD /* Sources */,
				97753DBF2A61BD74002E5FFD /* Frameworks */,
				97753DC02A61BD74002E5FFD /* Resources */,
			);
			buildRules = (
			);
			dependencies = (
				97753DC42A61BD74002E5FFD /* PBXTargetDependency */,
			);
			name = "calculadora-de-gorjetaTests";
			productName = "calculadora-de-gorjetaTests";
			productReference = 97753DC22A61BD74002E5FFD /* calculadora-de-gorjetaTests.xctest */;
			productType = "com.apple.product-type.bundle.unit-test";
		};
		97753DCB2A61BD74002E5FFD /* calculadora-de-gorjetaUITests */ = {
			isa = PBXNativeTarget;
			buildConfigurationList = 97753DDC2A61BD74002E5FFD /* Build configuration list for PBXNativeTarget "calculadora-de-gorjetaUITests" */;
			buildPhases = (
				97753DC82A61BD74002E5FFD /* Sources */,
				97753DC92A61BD74002E5FFD /* Frameworks */,
				97753DCA2A61BD74002E5FFD /* Resources */,
			);
			buildRules = (
			);
			dependencies = (
				97753DCE2A61BD74002E5FFD /* PBXTargetDependency */,
			);
			name = "calculadora-de-gorjetaUITests";
			productName = "calculadora-de-gorjetaUITests";
			productReference = 97753DCC2A61BD74002E5FFD /* calculadora-de-gorjetaUITests.xctest */;
			productType = "com.apple.product-type.bundle.ui-testing";
		};
/* End PBXNativeTarget section */

/* Begin PBXProject section */
		97753DA42A61BD73002E5FFD /* Project object */ = {
			isa = PBXProject;
			attributes = {
				BuildIndependentTargetsInParallel = 1;
				LastSwiftUpdateCheck = 1430;
				LastUpgradeCheck = 1430;
				TargetAttributes = {
					97753DAB2A61BD73002E5FFD = {
						CreatedOnToolsVersion = 14.3.1;
					};
					97753DC12A61BD74002E5FFD = {
						CreatedOnToolsVersion = 14.3.1;
						TestTargetID = 97753DAB2A61BD73002E5FFD;
					};
					97753DCB2A61BD74002E5FFD = {
						CreatedOnToolsVersion = 14.3.1;
						TestTargetID = 97753DAB2A61BD73002E5FFD;
					};
				};
			};
			buildConfigurationList = 97753DA72A61BD73002E5FFD /* Build configuration list for PBXProject "calculadora-de-gorjeta" */;
			compatibilityVersion = "Xcode 14.0";
			developmentRegion = en;
			hasScannedForEncodings = 0;
			knownRegions = (
				en,
				Base,
			);
			mainGroup = 97753DA32A61BD73002E5FFD;
			productRefGroup = 97753DAD2A61BD73002E5FFD /* Products */;
			projectDirPath = "";
			projectRoot = "";
			targets = (
				97753DAB2A61BD73002E5FFD /* calculadora-de-gorjeta */,
				97753DC12A61BD74002E5FFD /* calculadora-de-gorjetaTests */,
				97753DCB2A61BD74002E5FFD /* calculadora-de-gorjetaUITests */,
			);
		};
/* End PBXProject section */

/* Begin PBXResourcesBuildPhase section */
		97753DAA2A61BD73002E5FFD /* Resources */ = {
			isa = PBXResourcesBuildPhase;
			buildActionMask = 2147483647;
			files = (
				97753DBC2A61BD74002E5FFD /* LaunchScreen.storyboard in Resources */,
				97753DB92A61BD74002E5FFD /* Assets.xcassets in Resources */,
				97753DB72A61BD73002E5FFD /* Main.storyboard in Resources */,
			);
			runOnlyForDeploymentPostprocessing = 0;
		};
		97753DC02A61BD74002E5FFD /* Resources */ = {
			isa = PBXResourcesBuildPhase;
			buildActionMask = 2147483647;
			files = (
			);
			runOnlyForDeploymentPostprocessing = 0;
		};
		97753DCA2A61BD74002E5FFD /* Resources */ = {
			isa = PBXResourcesBuildPhase;
			buildActionMask = 2147483647;
			files = (
			);
			runOnlyForDeploymentPostprocessing = 0;
		};
/* End PBXResourcesBuildPhase section */

/* Begin PBXSourcesBuildPhase section */
		97753DA82A61BD73002E5FFD /* Sources */ = {
			isa = PBXSourcesBuildPhase;
			buildActionMask = 2147483647;
			files = (
				97753DB42A61BD73002E5FFD /* ViewController.swift in Sources */,
				97753DB02A61BD73002E5FFD /* AppDelegate.swift in Sources */,
				97753DB22A61BD73002E5FFD /* SceneDelegate.swift in Sources */,
			);
			runOnlyForDeploymentPostprocessing = 0;
		};
		97753DBE2A61BD74002E5FFD /* Sources */ = {
			isa = PBXSourcesBuildPhase;
			buildActionMask = 2147483647;
			files = (
				97753DC72A61BD74002E5FFD /* calculadora_de_gorjetaTests.swift in Sources */,
			);
			runOnlyForDeploymentPostprocessing = 0;
		};
		97753DC82A61BD74002E5FFD /* Sources */ = {
			isa = PBXSourcesBuildPhase;
			buildActionMask = 2147483647;
			files = (
				97753DD32A61BD74002E5FFD /* calculadora_de_gorjetaUITestsLaunchTests.swift in Sources */,
				97753DD12A61BD74002E5FFD /* calculadora_de_gorjetaUITests.swift in Sources */,
			);
			runOnlyForDeploymentPostprocessing = 0;
		};
/* End PBXSourcesBuildPhase section */

/* Begin PBXTargetDependency section */
		97753DC42A61BD74002E5FFD /* PBXTargetDependency */ = {
			isa = PBXTargetDependency;
			target = 97753DAB2A61BD73002E5FFD /* calculadora-de-gorjeta */;
			targetProxy = 97753DC32A61BD74002E5FFD /* PBXContainerItemProxy */;
		};
		97753DCE2A61BD74002E5FFD /* PBXTargetDependency */ = {
			isa = PBXTargetDependency;
			target = 97753DAB2A61BD73002E5FFD /* calculadora-de-gorjeta */;
			targetProxy = 97753DCD2A61BD74002E5FFD /* PBXContainerItemProxy */;
		};
/* End PBXTargetDependency section */

/* Begin PBXVariantGroup section */
		97753DB52A61BD73002E5FFD /* Main.storyboard */ = {
			isa = PBXVariantGroup;
			children = (
				97753DB62A61BD73002E5FFD /* Base */,
			);
			name = Main.storyboard;
			sourceTree = "<group>";
		};
		97753DBA2A61BD74002E5FFD /* LaunchScreen.storyboard */ = {
			isa = PBXVariantGroup;
			children = (
				97753DBB2A61BD74002E5FFD /* Base */,
			);
			name = LaunchScreen.storyboard;
			sourceTree = "<group>";
		};
/* End PBXVariantGroup section */

/* Begin XCBuildConfiguration section */
		97753DD42A61BD74002E5FFD /* Debug */ = {
			isa = XCBuildConfiguration;
			buildSettings = {
				ALWAYS_SEARCH_USER_PATHS = NO;
				CLANG_ANALYZER_NONNULL = YES;
				CLANG_ANALYZER_NUMBER_OBJECT_CONVERSION = YES_AGGRESSIVE;
				CLANG_CXX_LANGUAGE_STANDARD = "gnu++20";
				CLANG_ENABLE_MODULES = YES;
				CLANG_ENABLE_OBJC_ARC = YES;
				CLANG_ENABLE_OBJC_WEAK = YES;
				CLANG_WARN_BLOCK_CAPTURE_AUTORELEASING = YES;
				CLANG_WARN_BOOL_CONVERSION = YES;
				CLANG_WARN_COMMA = YES;
				CLANG_WARN_CONSTANT_CONVERSION = YES;
				CLANG_WARN_DEPRECATED_OBJC_IMPLEMENTATIONS = YES;
				CLANG_WARN_DIRECT_OBJC_ISA_USAGE = YES_ERROR;
				CLANG_WARN_DOCUMENTATION_COMMENTS = YES;
				CLANG_WARN_EMPTY_BODY = YES;
				CLANG_WARN_ENUM_CONVERSION = YES;
				CLANG_WARN_INFINITE_RECURSION = YES;
				CLANG_WARN_INT_CONVERSION = YES;
				CLANG_WARN_NON_LITERAL_NULL_CONVERSION = YES;
				CLANG_WARN_OBJC_IMPLICIT_RETAIN_SELF = YES;
				CLANG_WARN_OBJC_LITERAL_CONVERSION = YES;
				CLANG_WARN_OBJC_ROOT_CLASS = YES_ERROR;
				CLANG_WARN_QUOTED_INCLUDE_IN_FRAMEWORK_HEADER = YES;
				CLANG_WARN_RANGE_LOOP_ANALYSIS = YES;
				CLANG_WARN_STRICT_PROTOTYPES = YES;
				CLANG_WARN_SUSPICIOUS_MOVE = YES;
				CLANG_WARN_UNGUARDED_AVAILABILITY = YES_AGGRESSIVE;
				CLANG_WARN_UNREACHABLE_CODE = YES;
				CLANG_WARN__DUPLICATE_METHOD_MATCH = YES;
				COPY_PHASE_STRIP = NO;
				DEBUG_INFORMATION_FORMAT = dwarf;
				ENABLE_STRICT_OBJC_MSGSEND = YES;
				ENABLE_TESTABILITY = YES;
				GCC_C_LANGUAGE_STANDARD = gnu11;
				GCC_DYNAMIC_NO_PIC = NO;
				GCC_NO_COMMON_BLOCKS = YES;
				GCC_OPTIMIZATION_LEVEL = 0;
				GCC_PREPROCESSOR_DEFINITIONS = (
					"DEBUG=1",
					"$(inherited)",
				);
				GCC_WARN_64_TO_32_BIT_CONVERSION = YES;
				GCC_WARN_ABOUT_RETURN_TYPE = YES_ERROR;
				GCC_WARN_UNDECLARED_SELECTOR = YES;
				GCC_WARN_UNINITIALIZED_AUTOS = YES_AGGRESSIVE;
				GCC_WARN_UNUSED_FUNCTION = YES;
				GCC_WARN_UNUSED_VARIABLE = YES;
				IPHONEOS_DEPLOYMENT_TARGET = 16.4;
				MTL_ENABLE_DEBUG_INFO = INCLUDE_SOURCE;
				MTL_FAST_MATH = YES;
				ONLY_ACTIVE_ARCH = YES;
				SDKROOT = iphoneos;
				SWIFT_ACTIVE_COMPILATION_CONDITIONS = DEBUG;
				SWIFT_OPTIMIZATION_LEVEL = "-Onone";
			};
			name = Debug;
		};
		97753DD52A61BD74002E5FFD /* Release */ = {
			isa = XCBuildConfiguration;
			buildSettings = {
				ALWAYS_SEARCH_USER_PATHS = NO;
				CLANG_ANALYZER_NONNULL = YES;
				CLANG_ANALYZER_NUMBER_OBJECT_CONVERSION = YES_AGGRESSIVE;
				CLANG_CXX_LANGUAGE_STANDARD = "gnu++20";
				CLANG_ENABLE_MODULES = YES;
				CLANG_ENABLE_OBJC_ARC = YES;
				CLANG_ENABLE_OBJC_WEAK = YES;
				CLANG_WARN_BLOCK_CAPTURE_AUTORELEASING = YES;
				CLANG_WARN_BOOL_CONVERSION = YES;
				CLANG_WARN_COMMA = YES;
				CLANG_WARN_CONSTANT_CONVERSION = YES;
				CLANG_WARN_DEPRECATED_OBJC_IMPLEMENTATIONS = YES;
				CLANG_WARN_DIRECT_OBJC_ISA_USAGE = YES_ERROR;
				CLANG_WARN_DOCUMENTATION_COMMENTS = YES;
				CLANG_WARN_EMPTY_BODY = YES;
				CLANG_WARN_ENUM_CONVERSION = YES;
				CLANG_WARN_INFINITE_RECURSION = YES;
				CLANG_WARN_INT_CONVERSION = YES;
				CLANG_WARN_NON_LITERAL_NULL_CONVERSION = YES;
				CLANG_WARN_OBJC_IMPLICIT_RETAIN_SELF = YES;
				CLANG_WARN_OBJC_LITERAL_CONVERSION = YES;
				CLANG_WARN_OBJC_ROOT_CLASS = YES_ERROR;
				CLANG_WARN_QUOTED_INCLUDE_IN_FRAMEWORK_HEADER = YES;
				CLANG_WARN_RANGE_LOOP_ANALYSIS = YES;
				CLANG_WARN_STRICT_PROTOTYPES = YES;
				CLANG_WARN_SUSPICIOUS_MOVE = YES;
				CLANG_WARN_UNGUARDED_AVAILABILITY = YES_AGGRESSIVE;
				CLANG_WARN_UNREACHABLE_CODE = YES;
				CLANG_WARN__DUPLICATE_METHOD_MATCH = YES;
				COPY_PHASE_STRIP = NO;
				DEBUG_INFORMATION_FORMAT = "dwarf-with-dsym";
				ENABLE_NS_ASSERTIONS = NO;
				ENABLE_STRICT_OBJC_MSGSEND = YES;
				GCC_C_LANGUAGE_STANDARD = gnu11;
				GCC_NO_COMMON_BLOCKS = YES;
				GCC_WARN_64_TO_32_BIT_CONVERSION = YES;
				GCC_WARN_ABOUT_RETURN_TYPE = YES_ERROR;
				GCC_WARN_UNDECLARED_SELECTOR = YES;
				GCC_WARN_UNINITIALIZED_AUTOS = YES_AGGRESSIVE;
				GCC_WARN_UNUSED_FUNCTION = YES;
				GCC_WARN_UNUSED_VARIABLE = YES;
				IPHONEOS_DEPLOYMENT_TARGET = 16.4;
				MTL_ENABLE_DEBUG_INFO = NO;
				MTL_FAST_MATH = YES;
				SDKROOT = iphoneos;
				SWIFT_COMPILATION_MODE = wholemodule;
				SWIFT_OPTIMIZATION_LEVEL = "-O";
				VALIDATE_PRODUCT = YES;
			};
			name = Release;
		};
		97753DD72A61BD74002E5FFD /* Debug */ = {
			isa = XCBuildConfiguration;
			buildSettings = {
				ASSETCATALOG_COMPILER_APPICON_NAME = AppIcon;
				ASSETCATALOG_COMPILER_GLOBAL_ACCENT_COLOR_NAME = AccentColor;
				CODE_SIGN_STYLE = Automatic;
				CURRENT_PROJECT_VERSION = 1;
				GENERATE_INFOPLIST_FILE = YES;
				INFOPLIST_FILE = "calculadora-de-gorjeta/Info.plist";
				INFOPLIST_KEY_UIApplicationSupportsIndirectInputEvents = YES;
				INFOPLIST_KEY_UILaunchStoryboardName = LaunchScreen;
				INFOPLIST_KEY_UIMainStoryboardFile = Main;
				INFOPLIST_KEY_UISupportedInterfaceOrientations_iPad = "UIInterfaceOrientationPortrait UIInterfaceOrientationPortraitUpsideDown UIInterfaceOrientationLandscapeLeft UIInterfaceOrientationLandscapeRight";
				INFOPLIST_KEY_UISupportedInterfaceOrientations_iPhone = "UIInterfaceOrientationPortrait UIInterfaceOrientationLandscapeLeft UIInterfaceOrientationLandscapeRight";
				LD_RUNPATH_SEARCH_PATHS = (
					"$(inherited)",
					"@executable_path/Frameworks",
				);
				MARKETING_VERSION = 1.0;
				PRODUCT_BUNDLE_IDENTIFIER = "mauricio.com.calculadora-de-gorjeta";
				PRODUCT_NAME = "$(TARGET_NAME)";
				SWIFT_EMIT_LOC_STRINGS = YES;
				SWIFT_VERSION = 5.0;
				TARGETED_DEVICE_FAMILY = "1,2";
			};
			name = Debug;
		};
		97753DD82A61BD74002E5FFD /* Release */ = {
			isa = XCBuildConfiguration;
			buildSettings = {
				ASSETCATALOG_COMPILER_APPICON_NAME = AppIcon;
				ASSETCATALOG_COMPILER_GLOBAL_ACCENT_COLOR_NAME = AccentColor;
				CODE_SIGN_STYLE = Automatic;
				CURRENT_PROJECT_VERSION = 1;
				GENERATE_INFOPLIST_FILE = YES;
				INFOPLIST_FILE = "calculadora-de-gorjeta/Info.plist";
				INFOPLIST_KEY_UIApplicationSupportsIndirectInputEvents = YES;
				INFOPLIST_KEY_UILaunchStoryboardName = LaunchScreen;
				INFOPLIST_KEY_UIMainStoryboardFile = Main;
				INFOPLIST_KEY_UISupportedInterfaceOrientations_iPad = "UIInterfaceOrientationPortrait UIInterfaceOrientationPortraitUpsideDown UIInterfaceOrientationLandscapeLeft UIInterfaceOrientationLandscapeRight";
				INFOPLIST_KEY_UISupportedInterfaceOrientations_iPhone = "UIInterfaceOrientationPortrait UIInterfaceOrientationLandscapeLeft UIInterfaceOrientationLandscapeRight";
				LD_RUNPATH_SEARCH_PATHS = (
					"$(inherited)",
					"@executable_path/Frameworks",
				);
				MARKETING_VERSION = 1.0;
				PRODUCT_BUNDLE_IDENTIFIER = "mauricio.com.calculadora-de-gorjeta";
				PRODUCT_NAME = "$(TARGET_NAME)";
				SWIFT_EMIT_LOC_STRINGS = YES;
				SWIFT_VERSION = 5.0;
				TARGETED_DEVICE_FAMILY = "1,2";
			};
			name = Release;
		};
		97753DDA2A61BD74002E5FFD /* Debug */ = {
			isa = XCBuildConfiguration;
			buildSettings = {
				ALWAYS_EMBED_SWIFT_STANDARD_LIBRARIES = YES;
				BUNDLE_LOADER = "$(TEST_HOST)";
				CODE_SIGN_STYLE = Automatic;
				CURRENT_PROJECT_VERSION = 1;
				GENERATE_INFOPLIST_FILE = YES;
				IPHONEOS_DEPLOYMENT_TARGET = 16.4;
				MARKETING_VERSION = 1.0;
				PRODUCT_BUNDLE_IDENTIFIER = "mauricio.com.calculadora-de-gorjetaTests";
				PRODUCT_NAME = "$(TARGET_NAME)";
				SWIFT_EMIT_LOC_STRINGS = NO;
				SWIFT_VERSION = 5.0;
				TARGETED_DEVICE_FAMILY = "1,2";
				TEST_HOST = "$(BUILT_PRODUCTS_DIR)/calculadora-de-gorjeta.app/$(BUNDLE_EXECUTABLE_FOLDER_PATH)/calculadora-de-gorjeta";
			};
			name = Debug;
		};
		97753DDB2A61BD74002E5FFD /* Release */ = {
			isa = XCBuildConfiguration;
			buildSettings = {
				ALWAYS_EMBED_SWIFT_STANDARD_LIBRARIES = YES;
				BUNDLE_LOADER = "$(TEST_HOST)";
				CODE_SIGN_STYLE = Automatic;
				CURRENT_PROJECT_VERSION = 1;
				GENERATE_INFOPLIST_FILE = YES;
				IPHONEOS_DEPLOYMENT_TARGET = 16.4;
				MARKETING_VERSION = 1.0;
				PRODUCT_BUNDLE_IDENTIFIER = "mauricio.com.calculadora-de-gorjetaTests";
				PRODUCT_NAME = "$(TARGET_NAME)";
				SWIFT_EMIT_LOC_STRINGS = NO;
				SWIFT_VERSION = 5.0;
				TARGETED_DEVICE_FAMILY = "1,2";
				TEST_HOST = "$(BUILT_PRODUCTS_DIR)/calculadora-de-gorjeta.app/$(BUNDLE_EXECUTABLE_FOLDER_PATH)/calculadora-de-gorjeta";
			};
			name = Release;
		};
		97753DDD2A61BD74002E5FFD /* Debug */ = {
			isa = XCBuildConfiguration;
			buildSettings = {
				ALWAYS_EMBED_SWIFT_STANDARD_LIBRARIES = YES;
				CODE_SIGN_STYLE = Automatic;
				CURRENT_PROJECT_VERSION = 1;
				GENERATE_INFOPLIST_FILE = YES;
				MARKETING_VERSION = 1.0;
				PRODUCT_BUNDLE_IDENTIFIER = "mauricio.com.calculadora-de-gorjetaUITests";
				PRODUCT_NAME = "$(TARGET_NAME)";
				SWIFT_EMIT_LOC_STRINGS = NO;
				SWIFT_VERSION = 5.0;
				TARGETED_DEVICE_FAMILY = "1,2";
				TEST_TARGET_NAME = "calculadora-de-gorjeta";
			};
			name = Debug;
		};
		97753DDE2A61BD74002E5FFD /* Release */ = {
			isa = XCBuildConfiguration;
			buildSettings = {
				ALWAYS_EMBED_SWIFT_STANDARD_LIBRARIES = YES;
				CODE_SIGN_STYLE = Automatic;
				CURRENT_PROJECT_VERSION = 1;
				GENERATE_INFOPLIST_FILE = YES;
				MARKETING_VERSION = 1.0;
				PRODUCT_BUNDLE_IDENTIFIER = "mauricio.com.calculadora-de-gorjetaUITests";
				PRODUCT_NAME = "$(TARGET_NAME)";
				SWIFT_EMIT_LOC_STRINGS = NO;
				SWIFT_VERSION = 5.0;
				TARGETED_DEVICE_FAMILY = "1,2";
				TEST_TARGET_NAME = "calculadora-de-gorjeta";
			};
			name = Release;
		};
/* End XCBuildConfiguration section */

/* Begin XCConfigurationList section */
		97753DA72A61BD73002E5FFD /* Build configuration list for PBXProject "calculadora-de-gorjeta" */ = {
			isa = XCConfigurationList;
			buildConfigurations = (
				97753DD42A61BD74002E5FFD /* Debug */,
				97753DD52A61BD74002E5FFD /* Release */,
			);
			defaultConfigurationIsVisible = 0;
			defaultConfigurationName = Release;
		};
		97753DD62A61BD74002E5FFD /* Build configuration list for PBXNativeTarget "calculadora-de-gorjeta" */ = {
			isa = XCConfigurationList;
			buildConfigurations = (
				97753DD72A61BD74002E5FFD /* Debug */,
				97753DD82A61BD74002E5FFD /* Release */,
			);
			defaultConfigurationIsVisible = 0;
			defaultConfigurationName = Release;
		};
		97753DD92A61BD74002E5FFD /* Build configuration list for PBXNativeTarget "calculadora-de-gorjetaTests" */ = {
			isa = XCConfigurationList;
			buildConfigurations = (
				97753DDA2A61BD74002E5FFD /* Debug */,
				97753DDB2A61BD74002E5FFD /* Release */,
			);
			defaultConfigurationIsVisible = 0;
			defaultConfigurationName = Release;
		};
		97753DDC2A61BD74002E5FFD /* Build configuration list for PBXNativeTarget "calculadora-de-gorjetaUITests" */ = {
			isa = XCConfigurationList;
			buildConfigurations = (
				97753DDD2A61BD74002E5FFD /* Debug */,
				97753DDE2A61BD74002E5FFD /* Release */,
			);
			defaultConfigurationIsVisible = 0;
			defaultConfigurationName = Release;
		};
/* End XCConfigurationList section */
	};
	rootObject = 97753DA42A61BD73002E5FFD /* Project object */;
}
